Microsoft Visual Studio Solution File, Format Version 12.00
# Visual Studio Version 17
VisualStudioVersion = 17.5.2.0
MinimumVisualStudioVersion = 10.0.40219.1
Project("{FAE04EC0-301F-11D3-BF4B-00C04F79EFBC}") = "ElasticSearchPdfApi", "ElasticSearchPdfApi.csproj", "{8C3987D4-6959-A871-C2D9-A8D91A190A4D}"
EndProject
Global
	GlobalSection(SolutionConfigurationPlatforms) = preSolution
		Debug|Any CPU = Debug|Any CPU
		Release|Any CPU = Release|Any CPU
	EndGlobalSection
	GlobalSection(ProjectConfigurationPlatforms) = postSolution
		{8C3987D4-6959-A871-C2D9-A8D91A190A4D}.Debug|Any CPU.ActiveCfg = Debug|Any CPU
		{8C3987D4-6959-A871-C2D9-A8D91A190A4D}.Debug|Any CPU.Build.0 = Debug|Any CPU
		{8C3987D4-6959-A871-C2D9-A8D91A190A4D}.Release|Any CPU.ActiveCfg = Release|Any CPU
		{8C3987D4-6959-A871-C2D9-A8D91A190A4D}.Release|Any CPU.Build.0 = Release|Any CPU
	EndGlobalSection
	GlobalSection(SolutionProperties) = preSolution
		HideSolutionNode = FALSE
	EndGlobalSection
	GlobalSection(ExtensibilityGlobals) = postSolution
		SolutionGuid = {FA82CB26-2C76-4343-A6B4-A5B89D5467FE}
	EndGlobalSection
EndGlobal
